
Microsoft Visual Studio Solution File, Format Version 12.00
# Visual Studio Version 16
VisualStudioVersion = 16.0.31005.135
MinimumVisualStudioVersion = 10.0.40219.1
Project("{FAE04EC0-301F-11D3-BF4B-00C04F79EFBC}") = "Sale Total", "Conditionals\Sale Total.csproj", "{0CE0CBD0-9A84-4BCA-863E-EC5168A19BD1}"
EndProject
Project("{FAE04EC0-301F-11D3-BF4B-00C04F79EFBC}") = "Sumof3", "Sumof3\Sumof3.csproj", "{131B2AB1-33AE-44B3-B0CA-F2616C33481F}"
EndProject
Global
	GlobalSection(SolutionConfigurationPlatforms) = preSolution
		Debug|Any CPU = Debug|Any CPU
		Release|Any CPU = Release|Any CPU
	EndGlobalSection
	GlobalSection(ProjectConfigurationPlatforms) = postSolution
		{0CE0CBD0-9A84-4BCA-863E-EC5168A19BD1}.Debug|Any CPU.ActiveCfg = Debug|Any CPU
		{0CE0CBD0-9A84-4BCA-863E-EC5168A19BD1}.Debug|Any CPU.Build.0 = Debug|Any CPU
		{0CE0CBD0-9A84-4BCA-863E-EC5168A19BD1}.Release|Any CPU.ActiveCfg = Release|Any CPU
		{0CE0CBD0-9A84-4BCA-863E-EC5168A19BD1}.Release|Any CPU.Build.0 = Release|Any CPU
		{131B2AB1-33AE-44B3-B0CA-F2616C33481F}.Debug|Any CPU.ActiveCfg = Debug|Any CPU
		{131B2AB1-33AE-44B3-B0CA-F2616C33481F}.Debug|Any CPU.Build.0 = Debug|Any CPU
		{131B2AB1-33AE-44B3-B0CA-F2616C33481F}.Release|Any CPU.ActiveCfg = Release|Any CPU
		{131B2AB1-33AE-44B3-B0CA-F2616C33481F}.Release|Any CPU.Build.0 = Release|Any CPU
	EndGlobalSection
	GlobalSection(SolutionProperties) = preSolution
		HideSolutionNode = FALSE
	EndGlobalSection
	GlobalSection(ExtensibilityGlobals) = postSolution
		SolutionGuid = {B49A6930-8BB1-4C34-B8C8-39B72E5A4715}
	EndGlobalSection
EndGlobal
