
Microsoft Visual Studio Solution File, Format Version 12.00
# Visual Studio Version 16
VisualStudioVersion = 16.0.31005.135
MinimumVisualStudioVersion = 10.0.40219.1
Project("{FAE04EC0-301F-11D3-BF4B-00C04F79EFBC}") = "GuessANumber", "GuessANumber\GuessANumber.csproj", "{1AD5F9AA-449F-40A5-B74E-9868FC8F785E}"
EndProject
Global
	GlobalSection(SolutionConfigurationPlatforms) = preSolution
		Debug|Any CPU = Debug|Any CPU
		Release|Any CPU = Release|Any CPU
	EndGlobalSection
	GlobalSection(ProjectConfigurationPlatforms) = postSolution
		{1AD5F9AA-449F-40A5-B74E-9868FC8F785E}.Debug|Any CPU.ActiveCfg = Debug|Any CPU
		{1AD5F9AA-449F-40A5-B74E-9868FC8F785E}.Debug|Any CPU.Build.0 = Debug|Any CPU
		{1AD5F9AA-449F-40A5-B74E-9868FC8F785E}.Release|Any CPU.ActiveCfg = Release|Any CPU
		{1AD5F9AA-449F-40A5-B74E-9868FC8F785E}.Release|Any CPU.Build.0 = Release|Any CPU
	EndGlobalSection
	GlobalSection(SolutionProperties) = preSolution
		HideSolutionNode = FALSE
	EndGlobalSection
	GlobalSection(ExtensibilityGlobals) = postSolution
		SolutionGuid = {B45D03D2-B0BD-46AC-B706-6794A4EBBF1E}
	EndGlobalSection
EndGlobal
